Microsoft Visual Studio Solution File, Format Version 11.00
# Visual Studio 2010
Project("{1B19158F-E398-40A6-8E3B-350508E125F1}") = "NativePackage", "NativePackage\NativePackage.dxjsproj", "{1DF15EE5-20FE-4DEB-9CDC-968819DA05A2}"
EndProject
Global
	GlobalSection(SolutionConfigurationPlatforms) = preSolution
		Debug|x86 = Debug|x86
		Release|x86 = Release|x86
	EndGlobalSection
	GlobalSection(ProjectConfigurationPlatforms) = postSolution
		{1DF15EE5-20FE-4DEB-9CDC-968819DA05A2}.Debug|x86.ActiveCfg = Debug|Any CPU
		{1DF15EE5-20FE-4DEB-9CDC-968819DA05A2}.Release|x86.ActiveCfg = Release|Any CPU
	EndGlobalSection
	GlobalSection(SolutionProperties) = preSolution
		HideSolutionNode = FALSE
	EndGlobalSection
EndGlobal
